// !$*UTF8*$!
{
	archiveVersion = 1;
	classes = {
	};
	objectVersion = 77;
	objects = {

/* Begin PBXContainerItemProxy section */
		D69B5C922DB53BB700CD0068 /* PBXContainerItemProxy */ = {
			isa = PBXContainerItemProxy;
			containerPortal = D69B5C742DB53BB500CD0068 /* Project object */;
			proxyType = 1;
			remoteGlobalIDString = D69B5C7B2DB53BB500CD0068;
			remoteInfo = Trainora;
		};
		D69B5C9C2DB53BB700CD0068 /* PBXContainerItemProxy */ = {
			isa = PBXContainerItemProxy;
			containerPortal = D69B5C742DB53BB500CD0068 /* Project object */;
			proxyType = 1;
			remoteGlobalIDString = D69B5C7B2DB53BB500CD0068;
			remoteInfo = Trainora;
		};
/* End PBXContainerItemProxy section */

/* Begin PBXFileReference section */
		D69B5C7C2DB53BB500CD0068 /* Trainora.app */ = {isa = PBXFileReference; explicitFileType = wrapper.application; includeInIndex = 0; path = Trainora.app; sourceTree = BUILT_PRODUCTS_DIR; };
		D69B5C912DB53BB700CD0068 /* TrainoraTests.xctest */ = {isa = PBXFileReference; explicitFileType = wrapper.cfbundle; includeInIndex = 0; path = TrainoraTests.xctest; sourceTree = BUILT_PRODUCTS_DIR; };
		D69B5C9B2DB53BB700CD0068 /* TrainoraUITests.xctest */ = {isa = PBXFileReference; explicitFileType = wrapper.cfbundle; includeInIndex = 0; path = TrainoraUITests.xctest; sourceTree = BUILT_PRODUCTS_DIR; };
/* End PBXFileReference section */

/* Begin PBXFileSystemSynchronizedRootGroup section */
		D69B5C7E2DB53BB500CD0068 /* Trainora */ = {
			isa = PBXFileSystemSynchronizedRootGroup;
			path = Trainora;
			sourceTree = "<group>";
		};
		D69B5C942DB53BB700CD0068 /* TrainoraTests */ = {
			isa = PBXFileSystemSynchronizedRootGroup;
			path = TrainoraTests;
			sourceTree = "<group>";
		};
		D69B5C9E2DB53BB700CD0068 /* TrainoraUITests */ = {
			isa = PBXFileSystemSynchronizedRootGroup;
			path = TrainoraUITests;
			sourceTree = "<group>";
		};
/* End PBXFileSystemSynchronizedRootGroup section */

/* Begin PBXFrameworksBuildPhase section */
		D69B5C792DB53BB500CD0068 /* Frameworks */ = {
			isa = PBXFrameworksBuildPhase;
			buildActionMask = 2147483647;
			files = (
			);
			runOnlyForDeploymentPostprocessing = 0;
		};
		D69B5C8E2DB53BB700CD0068 /* Frameworks */ = {
			isa = PBXFrameworksBuildPhase;
			buildActionMask = 2147483647;
			files = (
			);
			runOnlyForDeploymentPostprocessing = 0;
		};
		D69B5C982DB53BB700CD0068 /* Frameworks */ = {
			isa = PBXFrameworksBuildPhase;
			buildActionMask = 2147483647;
			files = (
			);
			runOnlyForDeploymentPostprocessing = 0;
		};
/* End PBXFrameworksBuildPhase section */

/* Begin PBXGroup section */
		D69B5C732DB53BB500CD0068 = {
			isa = PBXGroup;
			children = (
				D69B5C7E2DB53BB500CD0068 /* Trainora */,
				D69B5C942DB53BB700CD0068 /* TrainoraTests */,
				D69B5C9E2DB53BB700CD0068 /* TrainoraUITests */,
				D69B5C7D2DB53BB500CD0068 /* Products */,
			);
			sourceTree = "<group>";
		};
		D69B5C7D2DB53BB500CD0068 /* Products */ = {
			isa = PBXGroup;
			children = (
				D69B5C7C2DB53BB500CD0068 /* Trainora.app */,
				D69B5C912DB53BB700CD0068 /* TrainoraTests.xctest */,
				D69B5C9B2DB53BB700CD0068 /* TrainoraUITests.xctest */,
			);
			name = Products;
			sourceTree = "<group>";
		};
/* End PBXGroup section */

/* Begin PBXNativeTarget section */
		D69B5C7B2DB53BB500CD0068 /* Trainora */ = {
			isa = PBXNativeTarget;
			buildConfigurationList = D69B5CA52DB53BB700CD0068 /* Build configuration list for PBXNativeTarget "Trainora" */;
			buildPhases = (
				D69B5C782DB53BB500CD0068 /* Sources */,
				D69B5C792DB53BB500CD0068 /* Frameworks */,
				D69B5C7A2DB53BB500CD0068 /* Resources */,
			);
			buildRules = (
			);
			dependencies = (
			);
			fileSystemSynchronizedGroups = (
				D69B5C7E2DB53BB500CD0068 /* Trainora */,
			);
			name = Trainora;
			packageProductDependencies = (
			);
			productName = Trainora;
			productReference = D69B5C7C2DB53BB500CD0068 /* Trainora.app */;
			productType = "com.apple.product-type.application";
		};
		D69B5C902DB53BB700CD0068 /* TrainoraTests */ = {
			isa = PBXNativeTarget;
			buildConfigurationList = D69B5CA82DB53BB700CD0068 /* Build configuration list for PBXNativeTarget "TrainoraTests" */;
			buildPhases = (
				D69B5C8D2DB53BB700CD0068 /* Sources */,
				D69B5C8E2DB53BB700CD0068 /* Frameworks */,
				D69B5C8F2DB53BB700CD0068 /* Resources */,
			);
			buildRules = (
			);
			dependencies = (
				D69B5C932DB53BB700CD0068 /* PBXTargetDependency */,
			);
			fileSystemSynchronizedGroups = (
				D69B5C942DB53BB700CD0068 /* TrainoraTests */,
			);
			name = TrainoraTests;
			packageProductDependencies = (
			);
			productName = TrainoraTests;
			productReference = D69B5C912DB53BB700CD0068 /* TrainoraTests.xctest */;
			productType = "com.apple.product-type.bundle.unit-test";
		};
		D69B5C9A2DB53BB700CD0068 /* TrainoraUITests */ = {
			isa = PBXNativeTarget;
			buildConfigurationList = D69B5CAB2DB53BB700CD0068 /* Build configuration list for PBXNativeTarget "TrainoraUITests" */;
			buildPhases = (
				D69B5C972DB53BB700CD0068 /* Sources */,
				D69B5C982DB53BB700CD0068 /* Frameworks */,
				D69B5C992DB53BB700CD0068 /* Resources */,
			);
			buildRules = (
			);
			dependencies = (
				D69B5C9D2DB53BB700CD0068 /* PBXTargetDependency */,
			);
			fileSystemSynchronizedGroups = (
				D69B5C9E2DB53BB700CD0068 /* TrainoraUITests */,
			);
			name = TrainoraUITests;
			packageProductDependencies = (
			);
			productName = TrainoraUITests;
			productReference = D69B5C9B2DB53BB700CD0068 /* TrainoraUITests.xctest */;
			productType = "com.apple.product-type.bundle.ui-testing";
		};
/* End PBXNativeTarget section */

/* Begin PBXProject section */
		D69B5C742DB53BB500CD0068 /* Project object */ = {
			isa = PBXProject;
			attributes = {
				BuildIndependentTargetsInParallel = 1;
				LastSwiftUpdateCheck = 1620;
				LastUpgradeCheck = 1620;
				TargetAttributes = {
					D69B5C7B2DB53BB500CD0068 = {
						CreatedOnToolsVersion = 16.2;
					};
					D69B5C902DB53BB700CD0068 = {
						CreatedOnToolsVersion = 16.2;
						TestTargetID = D69B5C7B2DB53BB500CD0068;
					};
					D69B5C9A2DB53BB700CD0068 = {
						CreatedOnToolsVersion = 16.2;
						TestTargetID = D69B5C7B2DB53BB500CD0068;
					};
				};
			};
			buildConfigurationList = D69B5C772DB53BB500CD0068 /* Build configuration list for PBXProject "Trainora" */;
			developmentRegion = en;
			hasScannedForEncodings = 0;
			knownRegions = (
				en,
				Base,
			);
			mainGroup = D69B5C732DB53BB500CD0068;
			minimizedProjectReferenceProxies = 1;
			preferredProjectObjectVersion = 77;
			productRefGroup = D69B5C7D2DB53BB500CD0068 /* Products */;
			projectDirPath = "";
			projectRoot = "";
			targets = (
				D69B5C7B2DB53BB500CD0068 /* Trainora */,
				D69B5C902DB53BB700CD0068 /* TrainoraTests */,
				D69B5C9A2DB53BB700CD0068 /* TrainoraUITests */,
			);
		};
/* End PBXProject section */

/* Begin PBXResourcesBuildPhase section */
		D69B5C7A2DB53BB500CD0068 /* Resources */ = {
			isa = PBXResourcesBuildPhase;
			buildActionMask = 2147483647;
			files = (
			);
			runOnlyForDeploymentPostprocessing = 0;
		};
		D69B5C8F2DB53BB700CD0068 /* Resources */ = {
			isa = PBXResourcesBuildPhase;
			buildActionMask = 2147483647;
			files = (
			);
			runOnlyForDeploymentPostprocessing = 0;
		};
		D69B5C992DB53BB700CD0068 /* Resources */ = {
			isa = PBXResourcesBuildPhase;
			buildActionMask = 2147483647;
			files = (
			);
			runOnlyForDeploymentPostprocessing = 0;
		};
/* End PBXResourcesBuildPhase section */

/* Begin PBXSourcesBuildPhase section */
		D69B5C782DB53BB500CD0068 /* Sources */ = {
			isa = PBXSourcesBuildPhase;
			buildActionMask = 2147483647;
			files = (
			);
			runOnlyForDeploymentPostprocessing = 0;
		};
		D69B5C8D2DB53BB700CD0068 /* Sources */ = {
			isa = PBXSourcesBuildPhase;
			buildActionMask = 2147483647;
			files = (
			);
			runOnlyForDeploymentPostprocessing = 0;
		};
		D69B5C972DB53BB700CD0068 /* Sources */ = {
			isa = PBXSourcesBuildPhase;
			buildActionMask = 2147483647;
			files = (
			);
			runOnlyForDeploymentPostprocessing = 0;
		};
/* End PBXSourcesBuildPhase section */

/* Begin PBXTargetDependency section */
		D69B5C932DB53BB700CD0068 /* PBXTargetDependency */ = {
			isa = PBXTargetDependency;
			target = D69B5C7B2DB53BB500CD0068 /* Trainora */;
			targetProxy = D69B5C922DB53BB700CD0068 /* PBXContainerItemProxy */;
		};
		D69B5C9D2DB53BB700CD0068 /* PBXTargetDependency */ = {
			isa = PBXTargetDependency;
			target = D69B5C7B2DB53BB500CD0068 /* Trainora */;
			targetProxy = D69B5C9C2DB53BB700CD0068 /* PBXContainerItemProxy */;
		};
/* End PBXTargetDependency section */

/* Begin XCBuildConfiguration section */
		D69B5CA32DB53BB700CD0068 /* Debug */ = {
			isa = XCBuildConfiguration;
			buildSettings = {
				ALWAYS_SEARCH_USER_PATHS = NO;
				ASSETCATALOG_COMPILER_GENERATE_SWIFT_ASSET_SYMBOL_EXTENSIONS = YES;
				CLANG_ANALYZER_NONNULL = YES;
				CLANG_ANALYZER_NUMBER_OBJECT_CONVERSION = YES_AGGRESSIVE;
				CLANG_CXX_LANGUAGE_STANDARD = "gnu++20";
				CLANG_ENABLE_MODULES = YES;
				CLANG_ENABLE_OBJC_ARC = YES;
				CLANG_ENABLE_OBJC_WEAK = YES;
				CLANG_WARN_BLOCK_CAPTURE_AUTORELEASING = YES;
				CLANG_WARN_BOOL_CONVERSION = YES;
				CLANG_WARN_COMMA = YES;
				CLANG_WARN_CONSTANT_CONVERSION = YES;
				CLANG_WARN_DEPRECATED_OBJC_IMPLEMENTATIONS = YES;
				CLANG_WARN_DIRECT_OBJC_ISA_USAGE = YES_ERROR;
				CLANG_WARN_DOCUMENTATION_COMMENTS = YES;
				CLANG_WARN_EMPTY_BODY = YES;
				CLANG_WARN_ENUM_CONVERSION = YES;
				CLANG_WARN_INFINITE_RECURSION = YES;
				CLANG_WARN_INT_CONVERSION = YES;
				CLANG_WARN_NON_LITERAL_NULL_CONVERSION = YES;
				CLANG_WARN_OBJC_IMPLICIT_RETAIN_SELF = YES;
				CLANG_WARN_OBJC_LITERAL_CONVERSION = YES;
				CLANG_WARN_OBJC_ROOT_CLASS = YES_ERROR;
				CLANG_WARN_QUOTED_INCLUDE_IN_FRAMEWORK_HEADER = YES;
				CLANG_WARN_RANGE_LOOP_ANALYSIS = YES;
				CLANG_WARN_STRICT_PROTOTYPES = YES;
				CLANG_WARN_SUSPICIOUS_MOVE = YES;
				CLANG_WARN_UNGUARDED_AVAILABILITY = YES_AGGRESSIVE;
				CLANG_WARN_UNREACHABLE_CODE = YES;
				CLANG_WARN__DUPLICATE_METHOD_MATCH = YES;
				COPY_PHASE_STRIP = NO;
				DEBUG_INFORMATION_FORMAT = dwarf;
				ENABLE_STRICT_OBJC_MSGSEND = YES;
				ENABLE_TESTABILITY = YES;
				ENABLE_USER_SCRIPT_SANDBOXING = YES;
				GCC_C_LANGUAGE_STANDARD = gnu17;
				GCC_DYNAMIC_NO_PIC = NO;
				GCC_NO_COMMON_BLOCKS = YES;
				GCC_OPTIMIZATION_LEVEL = 0;
				GCC_PREPROCESSOR_DEFINITIONS = (
					"DEBUG=1",
					"$(inherited)",
				);
				GCC_WARN_64_TO_32_BIT_CONVERSION = YES;
				GCC_WARN_ABOUT_RETURN_TYPE = YES_ERROR;
				GCC_WARN_UNDECLARED_SELECTOR = YES;
				GCC_WARN_UNINITIALIZED_AUTOS = YES_AGGRESSIVE;
				GCC_WARN_UNUSED_FUNCTION = YES;
				GCC_WARN_UNUSED_VARIABLE = YES;
				IPHONEOS_DEPLOYMENT_TARGET = 18.2;
				LOCALIZATION_PREFERS_STRING_CATALOGS = YES;
				MTL_ENABLE_DEBUG_INFO = INCLUDE_SOURCE;
				MTL_FAST_MATH = YES;
				ONLY_ACTIVE_ARCH = YES;
				SDKROOT = iphoneos;
				SWIFT_ACTIVE_COMPILATION_CONDITIONS = "DEBUG $(inherited)";
				SWIFT_OPTIMIZATION_LEVEL = "-Onone";
			};
			name = Debug;
		};
		D69B5CA42DB53BB700CD0068 /* Release */ = {
			isa = XCBuildConfiguration;
			buildSettings = {
				ALWAYS_SEARCH_USER_PATHS = NO;
				ASSETCATALOG_COMPILER_GENERATE_SWIFT_ASSET_SYMBOL_EXTENSIONS = YES;
				CLANG_ANALYZER_NONNULL = YES;
				CLANG_ANALYZER_NUMBER_OBJECT_CONVERSION = YES_AGGRESSIVE;
				CLANG_CXX_LANGUAGE_STANDARD = "gnu++20";
				CLANG_ENABLE_MODULES = YES;
				CLANG_ENABLE_OBJC_ARC = YES;
				CLANG_ENABLE_OBJC_WEAK = YES;
				CLANG_WARN_BLOCK_CAPTURE_AUTORELEASING = YES;
				CLANG_WARN_BOOL_CONVERSION = YES;
				CLANG_WARN_COMMA = YES;
				CLANG_WARN_CONSTANT_CONVERSION = YES;
				CLANG_WARN_DEPRECATED_OBJC_IMPLEMENTATIONS = YES;
				CLANG_WARN_DIRECT_OBJC_ISA_USAGE = YES_ERROR;
				CLANG_WARN_DOCUMENTATION_COMMENTS = YES;
				CLANG_WARN_EMPTY_BODY = YES;
				CLANG_WARN_ENUM_CONVERSION = YES;
				CLANG_WARN_INFINITE_RECURSION = YES;
				CLANG_WARN_INT_CONVERSION = YES;
				CLANG_WARN_NON_LITERAL_NULL_CONVERSION = YES;
				CLANG_WARN_OBJC_IMPLICIT_RETAIN_SELF = YES;
				CLANG_WARN_OBJC_LITERAL_CONVERSION = YES;
				CLANG_WARN_OBJC_ROOT_CLASS = YES_ERROR;
				CLANG_WARN_QUOTED_INCLUDE_IN_FRAMEWORK_HEADER = YES;
				CLANG_WARN_RANGE_LOOP_ANALYSIS = YES;
				CLANG_WARN_STRICT_PROTOTYPES = YES;
				CLANG_WARN_SUSPICIOUS_MOVE = YES;
				CLANG_WARN_UNGUARDED_AVAILABILITY = YES_AGGRESSIVE;
				CLANG_WARN_UNREACHABLE_CODE = YES;
				CLANG_WARN__DUPLICATE_METHOD_MATCH = YES;
				COPY_PHASE_STRIP = NO;
				DEBUG_INFORMATION_FORMAT = "dwarf-with-dsym";
				ENABLE_NS_ASSERTIONS = NO;
				ENABLE_STRICT_OBJC_MSGSEND = YES;
				ENABLE_USER_SCRIPT_SANDBOXING = YES;
				GCC_C_LANGUAGE_STANDARD = gnu17;
				GCC_NO_COMMON_BLOCKS = YES;
				GCC_WARN_64_TO_32_BIT_CONVERSION = YES;
				GCC_WARN_ABOUT_RETURN_TYPE = YES_ERROR;
				GCC_WARN_UNDECLARED_SELECTOR = YES;
				GCC_WARN_UNINITIALIZED_AUTOS = YES_AGGRESSIVE;
				GCC_WARN_UNUSED_FUNCTION = YES;
				GCC_WARN_UNUSED_VARIABLE = YES;
				IPHONEOS_DEPLOYMENT_TARGET = 18.2;
				LOCALIZATION_PREFERS_STRING_CATALOGS = YES;
				MTL_ENABLE_DEBUG_INFO = NO;
				MTL_FAST_MATH = YES;
				SDKROOT = iphoneos;
				SWIFT_COMPILATION_MODE = wholemodule;
				VALIDATE_PRODUCT = YES;
			};
			name = Release;
		};
		D69B5CA62DB53BB700CD0068 /* Debug */ = {
			isa = XCBuildConfiguration;
			buildSettings = {
				ASSETCATALOG_COMPILER_APPICON_NAME = AppIcon;
				ASSETCATALOG_COMPILER_GLOBAL_ACCENT_COLOR_NAME = AccentColor;
				CODE_SIGN_STYLE = Automatic;
				CURRENT_PROJECT_VERSION = 1;
				DEVELOPMENT_ASSET_PATHS = "\"Trainora/Preview Content\"";
				ENABLE_PREVIEWS = YES;
				GENERATE_INFOPLIST_FILE = YES;
				INFOPLIST_KEY_UIApplicationSceneManifest_Generation = YES;
				INFOPLIST_KEY_UIApplicationSupportsIndirectInputEvents = YES;
				INFOPLIST_KEY_UILaunchScreen_Generation = YES;
				INFOPLIST_KEY_UISupportedInterfaceOrientations_iPad = "UIInterfaceOrientationPortrait UIInterfaceOrientationPortraitUpsideDown UIInterfaceOrientationLandscapeLeft UIInterfaceOrientationLandscapeRight";
				INFOPLIST_KEY_UISupportedInterfaceOrientations_iPhone = "UIInterfaceOrientationPortrait UIInterfaceOrientationLandscapeLeft UIInterfaceOrientationLandscapeRight";
				LD_RUNPATH_SEARCH_PATHS = (
					"$(inherited)",
					"@executable_path/Frameworks",
				);
				MARKETING_VERSION = 1.0;
				PRODUCT_BUNDLE_IDENTIFIER = iit.mad.Trainora;
				PRODUCT_NAME = "$(TARGET_NAME)";
				SWIFT_EMIT_LOC_STRINGS = YES;
				SWIFT_VERSION = 5.0;
				TARGETED_DEVICE_FAMILY = "1,2";
			};
			name = Debug;
		};
		D69B5CA72DB53BB700CD0068 /* Release */ = {
			isa = XCBuildConfiguration;
			buildSettings = {
				ASSETCATALOG_COMPILER_APPICON_NAME = AppIcon;
				ASSETCATALOG_COMPILER_GLOBAL_ACCENT_COLOR_NAME = AccentColor;
				CODE_SIGN_STYLE = Automatic;
				CURRENT_PROJECT_VERSION = 1;
				DEVELOPMENT_ASSET_PATHS = "\"Trainora/Preview Content\"";
				ENABLE_PREVIEWS = YES;
				GENERATE_INFOPLIST_FILE = YES;
				INFOPLIST_KEY_UIApplicationSceneManifest_Generation = YES;
				INFOPLIST_KEY_UIApplicationSupportsIndirectInputEvents = YES;
				INFOPLIST_KEY_UILaunchScreen_Generation = YES;
				INFOPLIST_KEY_UISupportedInterfaceOrientations_iPad = "UIInterfaceOrientationPortrait UIInterfaceOrientationPortraitUpsideDown UIInterfaceOrientationLandscapeLeft UIInterfaceOrientationLandscapeRight";
				INFOPLIST_KEY_UISupportedInterfaceOrientations_iPhone = "UIInterfaceOrientationPortrait UIInterfaceOrientationLandscapeLeft UIInterfaceOrientationLandscapeRight";
				LD_RUNPATH_SEARCH_PATHS = (
					"$(inherited)",
					"@executable_path/Frameworks",
				);
				MARKETING_VERSION = 1.0;
				PRODUCT_BUNDLE_IDENTIFIER = iit.mad.Trainora;
				PRODUCT_NAME = "$(TARGET_NAME)";
				SWIFT_EMIT_LOC_STRINGS = YES;
				SWIFT_VERSION = 5.0;
				TARGETED_DEVICE_FAMILY = "1,2";
			};
			name = Release;
		};
		D69B5CA92DB53BB700CD0068 /* Debug */ = {
			isa = XCBuildConfiguration;
			buildSettings = {
				BUNDLE_LOADER = "$(TEST_HOST)";
				CODE_SIGN_STYLE = Automatic;
				CURRENT_PROJECT_VERSION = 1;
				GENERATE_INFOPLIST_FILE = YES;
				IPHONEOS_DEPLOYMENT_TARGET = 18.2;
				MARKETING_VERSION = 1.0;
				PRODUCT_BUNDLE_IDENTIFIER = iit.mad.TrainoraTests;
				PRODUCT_NAME = "$(TARGET_NAME)";
				SWIFT_EMIT_LOC_STRINGS = NO;
				SWIFT_VERSION = 5.0;
				TARGETED_DEVICE_FAMILY = "1,2";
				TEST_HOST = "$(BUILT_PRODUCTS_DIR)/Trainora.app/$(BUNDLE_EXECUTABLE_FOLDER_PATH)/Trainora";
			};
			name = Debug;
		};
		D69B5CAA2DB53BB700CD0068 /* Release */ = {
			isa = XCBuildConfiguration;
			buildSettings = {
				BUNDLE_LOADER = "$(TEST_HOST)";
				CODE_SIGN_STYLE = Automatic;
				CURRENT_PROJECT_VERSION = 1;
				GENERATE_INFOPLIST_FILE = YES;
				IPHONEOS_DEPLOYMENT_TARGET = 18.2;
				MARKETING_VERSION = 1.0;
				PRODUCT_BUNDLE_IDENTIFIER = iit.mad.TrainoraTests;
				PRODUCT_NAME = "$(TARGET_NAME)";
				SWIFT_EMIT_LOC_STRINGS = NO;
				SWIFT_VERSION = 5.0;
				TARGETED_DEVICE_FAMILY = "1,2";
				TEST_HOST = "$(BUILT_PRODUCTS_DIR)/Trainora.app/$(BUNDLE_EXECUTABLE_FOLDER_PATH)/Trainora";
			};
			name = Release;
		};
		D69B5CAC2DB53BB700CD0068 /* Debug */ = {
			isa = XCBuildConfiguration;
			buildSettings = {
				CODE_SIGN_STYLE = Automatic;
				CURRENT_PROJECT_VERSION = 1;
				GENERATE_INFOPLIST_FILE = YES;
				MARKETING_VERSION = 1.0;
				PRODUCT_BUNDLE_IDENTIFIER = iit.mad.TrainoraUITests;
				PRODUCT_NAME = "$(TARGET_NAME)";
				SWIFT_EMIT_LOC_STRINGS = NO;
				SWIFT_VERSION = 5.0;
				TARGETED_DEVICE_FAMILY = "1,2";
				TEST_TARGET_NAME = Trainora;
			};
			name = Debug;
		};
		D69B5CAD2DB53BB700CD0068 /* Release */ = {
			isa = XCBuildConfiguration;
			buildSettings = {
				CODE_SIGN_STYLE = Automatic;
				CURRENT_PROJECT_VERSION = 1;
				GENERATE_INFOPLIST_FILE = YES;
				MARKETING_VERSION = 1.0;
				PRODUCT_BUNDLE_IDENTIFIER = iit.mad.TrainoraUITests;
				PRODUCT_NAME = "$(TARGET_NAME)";
				SWIFT_EMIT_LOC_STRINGS = NO;
				SWIFT_VERSION = 5.0;
				TARGETED_DEVICE_FAMILY = "1,2";
				TEST_TARGET_NAME = Trainora;
			};
			name = Release;
		};
/* End XCBuildConfiguration section */

/* Begin XCConfigurationList section */
		D69B5C772DB53BB500CD0068 /* Build configuration list for PBXProject "Trainora" */ = {
			isa = XCConfigurationList;
			buildConfigurations = (
				D69B5CA32DB53BB700CD0068 /* Debug */,
				D69B5CA42DB53BB700CD0068 /* Release */,
			);
			defaultConfigurationIsVisible = 0;
			defaultConfigurationName = Release;
		};
		D69B5CA52DB53BB700CD0068 /* Build configuration list for PBXNativeTarget "Trainora" */ = {
			isa = XCConfigurationList;
			buildConfigurations = (
				D69B5CA62DB53BB700CD0068 /* Debug */,
				D69B5CA72DB53BB700CD0068 /* Release */,
			);
			defaultConfigurationIsVisible = 0;
			defaultConfigurationName = Release;
		};
		D69B5CA82DB53BB700CD0068 /* Build configuration list for PBXNativeTarget "TrainoraTests" */ = {
			isa = XCConfigurationList;
			buildConfigurations = (
				D69B5CA92DB53BB700CD0068 /* Debug */,
				D69B5CAA2DB53BB700CD0068 /* Release */,
			);
			defaultConfigurationIsVisible = 0;
			defaultConfigurationName = Release;
		};
		D69B5CAB2DB53BB700CD0068 /* Build configuration list for PBXNativeTarget "TrainoraUITests" */ = {
			isa = XCConfigurationList;
			buildConfigurations = (
				D69B5CAC2DB53BB700CD0068 /* Debug */,
				D69B5CAD2DB53BB700CD0068 /* Release */,
			);
			defaultConfigurationIsVisible = 0;
			defaultConfigurationName = Release;
		};
/* End XCConfigurationList section */
	};
	rootObject = D69B5C742DB53BB500CD0068 /* Project object */;
}
